
Microsoft Visual Studio Solution File, Format Version 12.00
# Visual Studio Version 17
VisualStudioVersion = 17.14.36127.28
MinimumVisualStudioVersion = 10.0.40219.1
Project("{FAE04EC0-301F-11D3-BF4B-00C04F79EFBC}") = "Btg.BrownianMotion.Core", "Btg.BrownianMotion.Core\Btg.BrownianMotion.Core.csproj", "{D4365909-CE87-4C5D-BA02-725E9AE28CFE}"
EndProject
Project("{FAE04EC0-301F-11D3-BF4B-00C04F79EFBC}") = "Btg.BrownianMotion.Core.Tests", "Btg.BrownianMotion.Core.Tests\Btg.BrownianMotion.Core.Tests.csproj", "{B36E7561-51F1-43CB-B4CC-8057E29E84BB}"
EndProject
Project("{FAE04EC0-301F-11D3-BF4B-00C04F79EFBC}") = "Btg.BrownianMotion.UI", "Btg.BrownianMotion.UI\Btg.BrownianMotion.UI.csproj", "{B14251EF-6C2C-44AD-B66E-C88E65B4B410}"
EndProject
Global
	GlobalSection(SolutionConfigurationPlatforms) = preSolution
		Debug|Any CPU = Debug|Any CPU
		Release|Any CPU = Release|Any CPU
	EndGlobalSection
	GlobalSection(ProjectConfigurationPlatforms) = postSolution
		{D4365909-CE87-4C5D-BA02-725E9AE28CFE}.Debug|Any CPU.ActiveCfg = Debug|Any CPU
		{D4365909-CE87-4C5D-BA02-725E9AE28CFE}.Debug|Any CPU.Build.0 = Debug|Any CPU
		{D4365909-CE87-4C5D-BA02-725E9AE28CFE}.Release|Any CPU.ActiveCfg = Release|Any CPU
		{D4365909-CE87-4C5D-BA02-725E9AE28CFE}.Release|Any CPU.Build.0 = Release|Any CPU
		{B36E7561-51F1-43CB-B4CC-8057E29E84BB}.Debug|Any CPU.ActiveCfg = Debug|Any CPU
		{B36E7561-51F1-43CB-B4CC-8057E29E84BB}.Debug|Any CPU.Build.0 = Debug|Any CPU
		{B36E7561-51F1-43CB-B4CC-8057E29E84BB}.Release|Any CPU.ActiveCfg = Release|Any CPU
		{B36E7561-51F1-43CB-B4CC-8057E29E84BB}.Release|Any CPU.Build.0 = Release|Any CPU
		{B14251EF-6C2C-44AD-B66E-C88E65B4B410}.Debug|Any CPU.ActiveCfg = Debug|Any CPU
		{B14251EF-6C2C-44AD-B66E-C88E65B4B410}.Debug|Any CPU.Build.0 = Debug|Any CPU
		{B14251EF-6C2C-44AD-B66E-C88E65B4B410}.Release|Any CPU.ActiveCfg = Release|Any CPU
		{B14251EF-6C2C-44AD-B66E-C88E65B4B410}.Release|Any CPU.Build.0 = Release|Any CPU
	EndGlobalSection
	GlobalSection(SolutionProperties) = preSolution
		HideSolutionNode = FALSE
	EndGlobalSection
	GlobalSection(ExtensibilityGlobals) = postSolution
		SolutionGuid = {424BFB82-0789-403B-9572-746E73135BB0}
	EndGlobalSection
EndGlobal
